
Microsoft Visual Studio Solution File, Format Version 11.00
# Visual Studio 2010
Project("{FAE04EC0-301F-11D3-BF4B-00C04F79EFBC}") = "RnD.IMWUISample", "RnD.IMWUISample\RnD.IMWUISample.csproj", "{65889B94-E6AE-45B6-AD38-539FFD46708E}"
EndProject
Global
	GlobalSection(SolutionConfigurationPlatforms) = preSolution
		Debug|Any CPU = Debug|Any CPU
		Release|Any CPU = Release|Any CPU
	EndGlobalSection
	GlobalSection(ProjectConfigurationPlatforms) = postSolution
		{65889B94-E6AE-45B6-AD38-539FFD46708E}.Debug|Any CPU.ActiveCfg = Debug|Any CPU
		{65889B94-E6AE-45B6-AD38-539FFD46708E}.Debug|Any CPU.Build.0 = Debug|Any CPU
		{65889B94-E6AE-45B6-AD38-539FFD46708E}.Release|Any CPU.ActiveCfg = Release|Any CPU
		{65889B94-E6AE-45B6-AD38-539FFD46708E}.Release|Any CPU.Build.0 = Release|Any CPU
	EndGlobalSection
	GlobalSection(SolutionProperties) = preSolution
		HideSolutionNode = FALSE
	EndGlobalSection
EndGlobal
